
Microsoft Visual Studio Solution File, Format Version 12.00
# Visual Studio Version 17
VisualStudioVersion = 17.10.35013.160
MinimumVisualStudioVersion = 10.0.40219.1
Project("{FAE04EC0-301F-11D3-BF4B-00C04F79EFBC}") = "TicTacToe", "TicTacToe\TicTacToe.csproj", "{8788A6EE-CF15-4ECD-9BF8-49E76121386B}"
EndProject
Global
	GlobalSection(SolutionConfigurationPlatforms) = preSolution
		Debug|Any CPU = Debug|Any CPU
		Release|Any CPU = Release|Any CPU
	EndGlobalSection
	GlobalSection(ProjectConfigurationPlatforms) = postSolution
		{8788A6EE-CF15-4ECD-9BF8-49E76121386B}.Debug|Any CPU.ActiveCfg = Debug|Any CPU
		{8788A6EE-CF15-4ECD-9BF8-49E76121386B}.Debug|Any CPU.Build.0 = Debug|Any CPU
		{8788A6EE-CF15-4ECD-9BF8-49E76121386B}.Release|Any CPU.ActiveCfg = Release|Any CPU
		{8788A6EE-CF15-4ECD-9BF8-49E76121386B}.Release|Any CPU.Build.0 = Release|Any CPU
	EndGlobalSection
	GlobalSection(SolutionProperties) = preSolution
		HideSolutionNode = FALSE
	EndGlobalSection
	GlobalSection(ExtensibilityGlobals) = postSolution
		SolutionGuid = {94853C78-7476-431E-B0F7-E5D9E7F757D7}
	EndGlobalSection
EndGlobal
